
Microsoft Visual Studio Solution File, Format Version 12.00
# Visual Studio Version 17
VisualStudioVersion = 17.2.32630.192
MinimumVisualStudioVersion = 10.0.40219.1
Project("{FAE04EC0-301F-11D3-BF4B-00C04F79EFBC}") = "R5T.D0114.A001", "R5T.D0114.A001\R5T.D0114.A001.csproj", "{1A32D778-5EAF-4899-9049-7399CE657742}"
EndProject
Project("{FAE04EC0-301F-11D3-BF4B-00C04F79EFBC}") = "R5T.D0114.I001", "R5T.D0114.I001\R5T.D0114.I001.csproj", "{BD808074-AC9C-4AE6-93B2-E16C68E35D90}"
EndProject
Project("{FAE04EC0-301F-11D3-BF4B-00C04F79EFBC}") = "R5T.D0114.Base", "R5T.D0114.Base\R5T.D0114.Base.csproj", "{049E272B-3FC5-4C9E-A73F-07147BD268B0}"
EndProject
Project("{2150E333-8FDC-42A3-9474-1A3956D46DE8}") = "_Dependencies", "_Dependencies", "{881794D6-DFE1-41E5-814A-4CBC9169ED47}"
EndProject
Project("{FAE04EC0-301F-11D3-BF4B-00C04F79EFBC}") = "R5T.Dacia.Extensions", "..\..\R5T.Dacia.Extensions\source\R5T.Dacia.Extensions\R5T.Dacia.Extensions.csproj", "{C9AEAD26-64F9-4087-823C-7A260CF0DB92}"
EndProject
Project("{FAE04EC0-301F-11D3-BF4B-00C04F79EFBC}") = "R5T.Dacia.T002", "..\..\R5T.Dacia\source\R5T.Dacia.T002\R5T.Dacia.T002.csproj", "{17AA1475-156C-49DE-9F47-C90C11711C14}"
EndProject
Project("{9A19103F-16F7-4668-BE54-9A1E7A4F7556}") = "R5T.Dacia", "..\..\R5T.Dacia\source\R5T.Dacia\R5T.Dacia.csproj", "{EE5AAF43-39D4-4F29-8B6C-E97932C15490}"
EndProject
Project("{9A19103F-16F7-4668-BE54-9A1E7A4F7556}") = "R5T.L0013", "..\..\R5T.L0013\source\R5T.L0013\R5T.L0013.csproj", "{3EB53512-FD6C-4471-9879-AAA6BD0146EA}"
EndProject
Project("{9A19103F-16F7-4668-BE54-9A1E7A4F7556}") = "R5T.T0064", "..\..\R5T.T0064\source\R5T.T0064\R5T.T0064.csproj", "{FD9ADE45-953C-4183-BE1E-0A53A6BCECDA}"
EndProject
Project("{9A19103F-16F7-4668-BE54-9A1E7A4F7556}") = "R5T.T0143", "..\..\R5T.T0143\source\R5T.T0143\R5T.T0143.csproj", "{B5A8EA96-BDD9-4050-A0EE-3869E6CFE129}"
EndProject
Global
	GlobalSection(NestedProjects) = preSolution
		{C9AEAD26-64F9-4087-823C-7A260CF0DB92} = {881794D6-DFE1-41E5-814A-4CBC9169ED47}
		{17AA1475-156C-49DE-9F47-C90C11711C14} = {881794D6-DFE1-41E5-814A-4CBC9169ED47}
		{EE5AAF43-39D4-4F29-8B6C-E97932C15490} = {881794D6-DFE1-41E5-814A-4CBC9169ED47}
		{3EB53512-FD6C-4471-9879-AAA6BD0146EA} = {881794D6-DFE1-41E5-814A-4CBC9169ED47}
		{FD9ADE45-953C-4183-BE1E-0A53A6BCECDA} = {881794D6-DFE1-41E5-814A-4CBC9169ED47}
		{B5A8EA96-BDD9-4050-A0EE-3869E6CFE129} = {881794D6-DFE1-41E5-814A-4CBC9169ED47}
	EndGlobalSection
	GlobalSection(SolutionConfigurationPlatforms) = preSolution
		Debug|Any CPU = Debug|Any CPU
		Debug|x64 = Debug|x64
		Debug|x86 = Debug|x86
		Release|Any CPU = Release|Any CPU
		Release|x64 = Release|x64
		Release|x86 = Release|x86
	EndGlobalSection
	GlobalSection(ProjectConfigurationPlatforms) = postSolution
		{1A32D778-5EAF-4899-9049-7399CE657742}.Debug|Any CPU.ActiveCfg = Debug|Any CPU
		{1A32D778-5EAF-4899-9049-7399CE657742}.Debug|Any CPU.Build.0 = Debug|Any CPU
		{1A32D778-5EAF-4899-9049-7399CE657742}.Debug|x64.ActiveCfg = Debug|Any CPU
		{1A32D778-5EAF-4899-9049-7399CE657742}.Debug|x64.Build.0 = Debug|Any CPU
		{1A32D778-5EAF-4899-9049-7399CE657742}.Debug|x86.ActiveCfg = Debug|Any CPU
		{1A32D778-5EAF-4899-9049-7399CE657742}.Debug|x86.Build.0 = Debug|Any CPU
		{1A32D778-5EAF-4899-9049-7399CE657742}.Release|Any CPU.ActiveCfg = Release|Any CPU
		{1A32D778-5EAF-4899-9049-7399CE657742}.Release|Any CPU.Build.0 = Release|Any CPU
		{1A32D778-5EAF-4899-9049-7399CE657742}.Release|x64.ActiveCfg = Release|Any CPU
		{1A32D778-5EAF-4899-9049-7399CE657742}.Release|x64.Build.0 = Release|Any CPU
		{1A32D778-5EAF-4899-9049-7399CE657742}.Release|x86.ActiveCfg = Release|Any CPU
		{1A32D778-5EAF-4899-9049-7399CE657742}.Release|x86.Build.0 = Release|Any CPU
		{BD808074-AC9C-4AE6-93B2-E16C68E35D90}.Debug|Any CPU.ActiveCfg = Debug|Any CPU
		{BD808074-AC9C-4AE6-93B2-E16C68E35D90}.Debug|Any CPU.Build.0 = Debug|Any CPU
		{BD808074-AC9C-4AE6-93B2-E16C68E35D90}.Debug|x64.ActiveCfg = Debug|Any CPU
		{BD808074-AC9C-4AE6-93B2-E16C68E35D90}.Debug|x64.Build.0 = Debug|Any CPU
		{BD808074-AC9C-4AE6-93B2-E16C68E35D90}.Debug|x86.ActiveCfg = Debug|Any CPU
		{BD808074-AC9C-4AE6-93B2-E16C68E35D90}.Debug|x86.Build.0 = Debug|Any CPU
		{BD808074-AC9C-4AE6-93B2-E16C68E35D90}.Release|Any CPU.ActiveCfg = Release|Any CPU
		{BD808074-AC9C-4AE6-93B2-E16C68E35D90}.Release|Any CPU.Build.0 = Release|Any CPU
		{BD808074-AC9C-4AE6-93B2-E16C68E35D90}.Release|x64.ActiveCfg = Release|Any CPU
		{BD808074-AC9C-4AE6-93B2-E16C68E35D90}.Release|x64.Build.0 = Release|Any CPU
		{BD808074-AC9C-4AE6-93B2-E16C68E35D90}.Release|x86.ActiveCfg = Release|Any CPU
		{BD808074-AC9C-4AE6-93B2-E16C68E35D90}.Release|x86.Build.0 = Release|Any CPU
		{049E272B-3FC5-4C9E-A73F-07147BD268B0}.Debug|Any CPU.ActiveCfg = Debug|Any CPU
		{049E272B-3FC5-4C9E-A73F-07147BD268B0}.Debug|Any CPU.Build.0 = Debug|Any CPU
		{049E272B-3FC5-4C9E-A73F-07147BD268B0}.Debug|x64.ActiveCfg = Debug|Any CPU
		{049E272B-3FC5-4C9E-A73F-07147BD268B0}.Debug|x64.Build.0 = Debug|Any CPU
		{049E272B-3FC5-4C9E-A73F-07147BD268B0}.Debug|x86.ActiveCfg = Debug|Any CPU
		{049E272B-3FC5-4C9E-A73F-07147BD268B0}.Debug|x86.Build.0 = Debug|Any CPU
		{049E272B-3FC5-4C9E-A73F-07147BD268B0}.Release|Any CPU.ActiveCfg = Release|Any CPU
		{049E272B-3FC5-4C9E-A73F-07147BD268B0}.Release|Any CPU.Build.0 = Release|Any CPU
		{049E272B-3FC5-4C9E-A73F-07147BD268B0}.Release|x64.ActiveCfg = Release|Any CPU
		{049E272B-3FC5-4C9E-A73F-07147BD268B0}.Release|x64.Build.0 = Release|Any CPU
		{049E272B-3FC5-4C9E-A73F-07147BD268B0}.Release|x86.ActiveCfg = Release|Any CPU
		{049E272B-3FC5-4C9E-A73F-07147BD268B0}.Release|x86.Build.0 = Release|Any CPU
		{C9AEAD26-64F9-4087-823C-7A260CF0DB92}.Debug|Any CPU.ActiveCfg = Debug|Any CPU
		{C9AEAD26-64F9-4087-823C-7A260CF0DB92}.Debug|Any CPU.Build.0 = Debug|Any CPU
		{C9AEAD26-64F9-4087-823C-7A260CF0DB92}.Debug|x64.ActiveCfg = Debug|Any CPU
		{C9AEAD26-64F9-4087-823C-7A260CF0DB92}.Debug|x64.Build.0 = Debug|Any CPU
		{C9AEAD26-64F9-4087-823C-7A260CF0DB92}.Debug|x86.ActiveCfg = Debug|Any CPU
		{C9AEAD26-64F9-4087-823C-7A260CF0DB92}.Debug|x86.Build.0 = Debug|Any CPU
		{C9AEAD26-64F9-4087-823C-7A260CF0DB92}.Release|Any CPU.ActiveCfg = Release|Any CPU
		{C9AEAD26-64F9-4087-823C-7A260CF0DB92}.Release|Any CPU.Build.0 = Release|Any CPU
		{C9AEAD26-64F9-4087-823C-7A260CF0DB92}.Release|x64.ActiveCfg = Release|Any CPU
		{C9AEAD26-64F9-4087-823C-7A260CF0DB92}.Release|x64.Build.0 = Release|Any CPU
		{C9AEAD26-64F9-4087-823C-7A260CF0DB92}.Release|x86.ActiveCfg = Release|Any CPU
		{C9AEAD26-64F9-4087-823C-7A260CF0DB92}.Release|x86.Build.0 = Release|Any CPU
		{17AA1475-156C-49DE-9F47-C90C11711C14}.Debug|Any CPU.ActiveCfg = Debug|Any CPU
		{17AA1475-156C-49DE-9F47-C90C11711C14}.Debug|Any CPU.Build.0 = Debug|Any CPU
		{17AA1475-156C-49DE-9F47-C90C11711C14}.Debug|x64.ActiveCfg = Debug|Any CPU
		{17AA1475-156C-49DE-9F47-C90C11711C14}.Debug|x64.Build.0 = Debug|Any CPU
		{17AA1475-156C-49DE-9F47-C90C11711C14}.Debug|x86.ActiveCfg = Debug|Any CPU
		{17AA1475-156C-49DE-9F47-C90C11711C14}.Debug|x86.Build.0 = Debug|Any CPU
		{17AA1475-156C-49DE-9F47-C90C11711C14}.Release|Any CPU.ActiveCfg = Release|Any CPU
		{17AA1475-156C-49DE-9F47-C90C11711C14}.Release|Any CPU.Build.0 = Release|Any CPU
		{17AA1475-156C-49DE-9F47-C90C11711C14}.Release|x64.ActiveCfg = Release|Any CPU
		{17AA1475-156C-49DE-9F47-C90C11711C14}.Release|x64.Build.0 = Release|Any CPU
		{17AA1475-156C-49DE-9F47-C90C11711C14}.Release|x86.ActiveCfg = Release|Any CPU
		{17AA1475-156C-49DE-9F47-C90C11711C14}.Release|x86.Build.0 = Release|Any CPU
		{EE5AAF43-39D4-4F29-8B6C-E97932C15490}.Debug|Any CPU.ActiveCfg = Debug|Any CPU
		{EE5AAF43-39D4-4F29-8B6C-E97932C15490}.Debug|Any CPU.Build.0 = Debug|Any CPU
		{EE5AAF43-39D4-4F29-8B6C-E97932C15490}.Debug|x64.ActiveCfg = Debug|Any CPU
		{EE5AAF43-39D4-4F29-8B6C-E97932C15490}.Debug|x64.Build.0 = Debug|Any CPU
		{EE5AAF43-39D4-4F29-8B6C-E97932C15490}.Debug|x86.ActiveCfg = Debug|Any CPU
		{EE5AAF43-39D4-4F29-8B6C-E97932C15490}.Debug|x86.Build.0 = Debug|Any CPU
		{EE5AAF43-39D4-4F29-8B6C-E97932C15490}.Release|Any CPU.ActiveCfg = Release|Any CPU
		{EE5AAF43-39D4-4F29-8B6C-E97932C15490}.Release|Any CPU.Build.0 = Release|Any CPU
		{EE5AAF43-39D4-4F29-8B6C-E97932C15490}.Release|x64.ActiveCfg = Release|Any CPU
		{EE5AAF43-39D4-4F29-8B6C-E97932C15490}.Release|x64.Build.0 = Release|Any CPU
		{EE5AAF43-39D4-4F29-8B6C-E97932C15490}.Release|x86.ActiveCfg = Release|Any CPU
		{EE5AAF43-39D4-4F29-8B6C-E97932C15490}.Release|x86.Build.0 = Release|Any CPU
		{3EB53512-FD6C-4471-9879-AAA6BD0146EA}.Debug|Any CPU.ActiveCfg = Debug|Any CPU
		{3EB53512-FD6C-4471-9879-AAA6BD0146EA}.Debug|Any CPU.Build.0 = Debug|Any CPU
		{3EB53512-FD6C-4471-9879-AAA6BD0146EA}.Debug|x64.ActiveCfg = Debug|Any CPU
		{3EB53512-FD6C-4471-9879-AAA6BD0146EA}.Debug|x64.Build.0 = Debug|Any CPU
		{3EB53512-FD6C-4471-9879-AAA6BD0146EA}.Debug|x86.ActiveCfg = Debug|Any CPU
		{3EB53512-FD6C-4471-9879-AAA6BD0146EA}.Debug|x86.Build.0 = Debug|Any CPU
		{3EB53512-FD6C-4471-9879-AAA6BD0146EA}.Release|Any CPU.ActiveCfg = Release|Any CPU
		{3EB53512-FD6C-4471-9879-AAA6BD0146EA}.Release|Any CPU.Build.0 = Release|Any CPU
		{3EB53512-FD6C-4471-9879-AAA6BD0146EA}.Release|x64.ActiveCfg = Release|Any CPU
		{3EB53512-FD6C-4471-9879-AAA6BD0146EA}.Release|x64.Build.0 = Release|Any CPU
		{3EB53512-FD6C-4471-9879-AAA6BD0146EA}.Release|x86.ActiveCfg = Release|Any CPU
		{3EB53512-FD6C-4471-9879-AAA6BD0146EA}.Release|x86.Build.0 = Release|Any CPU
		{FD9ADE45-953C-4183-BE1E-0A53A6BCECDA}.Debug|Any CPU.ActiveCfg = Debug|Any CPU
		{FD9ADE45-953C-4183-BE1E-0A53A6BCECDA}.Debug|Any CPU.Build.0 = Debug|Any CPU
		{FD9ADE45-953C-4183-BE1E-0A53A6BCECDA}.Debug|x64.ActiveCfg = Debug|Any CPU
		{FD9ADE45-953C-4183-BE1E-0A53A6BCECDA}.Debug|x64.Build.0 = Debug|Any CPU
		{FD9ADE45-953C-4183-BE1E-0A53A6BCECDA}.Debug|x86.ActiveCfg = Debug|Any CPU
		{FD9ADE45-953C-4183-BE1E-0A53A6BCECDA}.Debug|x86.Build.0 = Debug|Any CPU
		{FD9ADE45-953C-4183-BE1E-0A53A6BCECDA}.Release|Any CPU.ActiveCfg = Release|Any CPU
		{FD9ADE45-953C-4183-BE1E-0A53A6BCECDA}.Release|Any CPU.Build.0 = Release|Any CPU
		{FD9ADE45-953C-4183-BE1E-0A53A6BCECDA}.Release|x64.ActiveCfg = Release|Any CPU
		{FD9ADE45-953C-4183-BE1E-0A53A6BCECDA}.Release|x64.Build.0 = Release|Any CPU
		{FD9ADE45-953C-4183-BE1E-0A53A6BCECDA}.Release|x86.ActiveCfg = Release|Any CPU
		{FD9ADE45-953C-4183-BE1E-0A53A6BCECDA}.Release|x86.Build.0 = Release|Any CPU
		{B5A8EA96-BDD9-4050-A0EE-3869E6CFE129}.Debug|Any CPU.ActiveCfg = Debug|Any CPU
		{B5A8EA96-BDD9-4050-A0EE-3869E6CFE129}.Debug|Any CPU.Build.0 = Debug|Any CPU
		{B5A8EA96-BDD9-4050-A0EE-3869E6CFE129}.Debug|x64.ActiveCfg = Debug|Any CPU
		{B5A8EA96-BDD9-4050-A0EE-3869E6CFE129}.Debug|x64.Build.0 = Debug|Any CPU
		{B5A8EA96-BDD9-4050-A0EE-3869E6CFE129}.Debug|x86.ActiveCfg = Debug|Any CPU
		{B5A8EA96-BDD9-4050-A0EE-3869E6CFE129}.Debug|x86.Build.0 = Debug|Any CPU
		{B5A8EA96-BDD9-4050-A0EE-3869E6CFE129}.Release|Any CPU.ActiveCfg = Release|Any CPU
		{B5A8EA96-BDD9-4050-A0EE-3869E6CFE129}.Release|Any CPU.Build.0 = Release|Any CPU
		{B5A8EA96-BDD9-4050-A0EE-3869E6CFE129}.Release|x64.ActiveCfg = Release|Any CPU
		{B5A8EA96-BDD9-4050-A0EE-3869E6CFE129}.Release|x64.Build.0 = Release|Any CPU
		{B5A8EA96-BDD9-4050-A0EE-3869E6CFE129}.Release|x86.ActiveCfg = Release|Any CPU
		{B5A8EA96-BDD9-4050-A0EE-3869E6CFE129}.Release|x86.Build.0 = Release|Any CPU
	EndGlobalSection
	GlobalSection(SolutionProperties) = preSolution
		HideSolutionNode = FALSE
	EndGlobalSection
EndGlobal
