
Microsoft Visual Studio Solution File, Format Version 12.00
# Visual Studio Version 16
VisualStudioVersion = 16.6.30114.105
MinimumVisualStudioVersion = 10.0.40219.1
Project("{FAE04EC0-301F-11D3-BF4B-00C04F79EFBC}") = "R5T.D0114.Construction", "R5T.D0114.Construction\R5T.D0114.Construction.csproj", "{B7DD0152-8F90-4531-81F5-BAB0C4FCF459}"
EndProject
Project("{2150E333-8FDC-42A3-9474-1A3956D46DE8}") = "_Dependencies", "_Dependencies", "{2706ECC2-551B-4017-B1E8-964B3FE66F95}"
EndProject
Project("{FAE04EC0-301F-11D3-BF4B-00C04F79EFBC}") = "R5T.Plymouth.ProgramAsAService", "..\..\R5T.Plymouth\source\R5T.Plymouth.ProgramAsAService\R5T.Plymouth.ProgramAsAService.csproj", "{EDF2DD33-115C-4D67-977E-396ED55144A2}"
EndProject
Project("{FAE04EC0-301F-11D3-BF4B-00C04F79EFBC}") = "R5T.T0027.T009", "..\..\R5T.T0027\source\R5T.T0027.T009\R5T.T0027.T009.csproj", "{6F6261AA-5370-455D-8E9A-7BE3EF453E0D}"
EndProject
Project("{FAE04EC0-301F-11D3-BF4B-00C04F79EFBC}") = "R5T.D0114.I001", "R5T.D0114.I001\R5T.D0114.I001.csproj", "{8BE12B1A-9045-4E86-9298-B08E823FE710}"
EndProject
Project("{FAE04EC0-301F-11D3-BF4B-00C04F79EFBC}") = "R5T.D0114.Base", "R5T.D0114.Base\R5T.D0114.Base.csproj", "{98E02607-8927-443E-97A3-43F8159BACC8}"
EndProject
Project("{FAE04EC0-301F-11D3-BF4B-00C04F79EFBC}") = "R5T.Dacia.Extensions", "..\..\R5T.Dacia.Extensions\source\R5T.Dacia.Extensions\R5T.Dacia.Extensions.csproj", "{D9B93985-0988-4D3F-ACA8-A8FC8A068A3D}"
EndProject
Project("{FAE04EC0-301F-11D3-BF4B-00C04F79EFBC}") = "R5T.Dacia.T002", "..\..\R5T.Dacia\source\R5T.Dacia.T002\R5T.Dacia.T002.csproj", "{2E11DEF5-E8FA-432D-AE85-AC5261771905}"
EndProject
Global
	GlobalSection(SolutionConfigurationPlatforms) = preSolution
		Debug|Any CPU = Debug|Any CPU
		Debug|x64 = Debug|x64
		Debug|x86 = Debug|x86
		Release|Any CPU = Release|Any CPU
		Release|x64 = Release|x64
		Release|x86 = Release|x86
	EndGlobalSection
	GlobalSection(SolutionProperties) = preSolution
		HideSolutionNode = FALSE
	EndGlobalSection
	GlobalSection(ProjectConfigurationPlatforms) = postSolution
		{B7DD0152-8F90-4531-81F5-BAB0C4FCF459}.Debug|Any CPU.ActiveCfg = Debug|Any CPU
		{B7DD0152-8F90-4531-81F5-BAB0C4FCF459}.Debug|Any CPU.Build.0 = Debug|Any CPU
		{B7DD0152-8F90-4531-81F5-BAB0C4FCF459}.Debug|x64.ActiveCfg = Debug|Any CPU
		{B7DD0152-8F90-4531-81F5-BAB0C4FCF459}.Debug|x64.Build.0 = Debug|Any CPU
		{B7DD0152-8F90-4531-81F5-BAB0C4FCF459}.Debug|x86.ActiveCfg = Debug|Any CPU
		{B7DD0152-8F90-4531-81F5-BAB0C4FCF459}.Debug|x86.Build.0 = Debug|Any CPU
		{B7DD0152-8F90-4531-81F5-BAB0C4FCF459}.Release|Any CPU.ActiveCfg = Release|Any CPU
		{B7DD0152-8F90-4531-81F5-BAB0C4FCF459}.Release|Any CPU.Build.0 = Release|Any CPU
		{B7DD0152-8F90-4531-81F5-BAB0C4FCF459}.Release|x64.ActiveCfg = Release|Any CPU
		{B7DD0152-8F90-4531-81F5-BAB0C4FCF459}.Release|x64.Build.0 = Release|Any CPU
		{B7DD0152-8F90-4531-81F5-BAB0C4FCF459}.Release|x86.ActiveCfg = Release|Any CPU
		{B7DD0152-8F90-4531-81F5-BAB0C4FCF459}.Release|x86.Build.0 = Release|Any CPU
		{EDF2DD33-115C-4D67-977E-396ED55144A2}.Debug|Any CPU.ActiveCfg = Debug|Any CPU
		{EDF2DD33-115C-4D67-977E-396ED55144A2}.Debug|Any CPU.Build.0 = Debug|Any CPU
		{EDF2DD33-115C-4D67-977E-396ED55144A2}.Debug|x64.ActiveCfg = Debug|Any CPU
		{EDF2DD33-115C-4D67-977E-396ED55144A2}.Debug|x64.Build.0 = Debug|Any CPU
		{EDF2DD33-115C-4D67-977E-396ED55144A2}.Debug|x86.ActiveCfg = Debug|Any CPU
		{EDF2DD33-115C-4D67-977E-396ED55144A2}.Debug|x86.Build.0 = Debug|Any CPU
		{EDF2DD33-115C-4D67-977E-396ED55144A2}.Release|Any CPU.ActiveCfg = Release|Any CPU
		{EDF2DD33-115C-4D67-977E-396ED55144A2}.Release|Any CPU.Build.0 = Release|Any CPU
		{EDF2DD33-115C-4D67-977E-396ED55144A2}.Release|x64.ActiveCfg = Release|Any CPU
		{EDF2DD33-115C-4D67-977E-396ED55144A2}.Release|x64.Build.0 = Release|Any CPU
		{EDF2DD33-115C-4D67-977E-396ED55144A2}.Release|x86.ActiveCfg = Release|Any CPU
		{EDF2DD33-115C-4D67-977E-396ED55144A2}.Release|x86.Build.0 = Release|Any CPU
		{6F6261AA-5370-455D-8E9A-7BE3EF453E0D}.Debug|Any CPU.ActiveCfg = Debug|Any CPU
		{6F6261AA-5370-455D-8E9A-7BE3EF453E0D}.Debug|Any CPU.Build.0 = Debug|Any CPU
		{6F6261AA-5370-455D-8E9A-7BE3EF453E0D}.Debug|x64.ActiveCfg = Debug|Any CPU
		{6F6261AA-5370-455D-8E9A-7BE3EF453E0D}.Debug|x64.Build.0 = Debug|Any CPU
		{6F6261AA-5370-455D-8E9A-7BE3EF453E0D}.Debug|x86.ActiveCfg = Debug|Any CPU
		{6F6261AA-5370-455D-8E9A-7BE3EF453E0D}.Debug|x86.Build.0 = Debug|Any CPU
		{6F6261AA-5370-455D-8E9A-7BE3EF453E0D}.Release|Any CPU.ActiveCfg = Release|Any CPU
		{6F6261AA-5370-455D-8E9A-7BE3EF453E0D}.Release|Any CPU.Build.0 = Release|Any CPU
		{6F6261AA-5370-455D-8E9A-7BE3EF453E0D}.Release|x64.ActiveCfg = Release|Any CPU
		{6F6261AA-5370-455D-8E9A-7BE3EF453E0D}.Release|x64.Build.0 = Release|Any CPU
		{6F6261AA-5370-455D-8E9A-7BE3EF453E0D}.Release|x86.ActiveCfg = Release|Any CPU
		{6F6261AA-5370-455D-8E9A-7BE3EF453E0D}.Release|x86.Build.0 = Release|Any CPU
		{8BE12B1A-9045-4E86-9298-B08E823FE710}.Debug|Any CPU.ActiveCfg = Debug|Any CPU
		{8BE12B1A-9045-4E86-9298-B08E823FE710}.Debug|Any CPU.Build.0 = Debug|Any CPU
		{8BE12B1A-9045-4E86-9298-B08E823FE710}.Debug|x64.ActiveCfg = Debug|Any CPU
		{8BE12B1A-9045-4E86-9298-B08E823FE710}.Debug|x64.Build.0 = Debug|Any CPU
		{8BE12B1A-9045-4E86-9298-B08E823FE710}.Debug|x86.ActiveCfg = Debug|Any CPU
		{8BE12B1A-9045-4E86-9298-B08E823FE710}.Debug|x86.Build.0 = Debug|Any CPU
		{8BE12B1A-9045-4E86-9298-B08E823FE710}.Release|Any CPU.ActiveCfg = Release|Any CPU
		{8BE12B1A-9045-4E86-9298-B08E823FE710}.Release|Any CPU.Build.0 = Release|Any CPU
		{8BE12B1A-9045-4E86-9298-B08E823FE710}.Release|x64.ActiveCfg = Release|Any CPU
		{8BE12B1A-9045-4E86-9298-B08E823FE710}.Release|x64.Build.0 = Release|Any CPU
		{8BE12B1A-9045-4E86-9298-B08E823FE710}.Release|x86.ActiveCfg = Release|Any CPU
		{8BE12B1A-9045-4E86-9298-B08E823FE710}.Release|x86.Build.0 = Release|Any CPU
		{98E02607-8927-443E-97A3-43F8159BACC8}.Debug|Any CPU.ActiveCfg = Debug|Any CPU
		{98E02607-8927-443E-97A3-43F8159BACC8}.Debug|Any CPU.Build.0 = Debug|Any CPU
		{98E02607-8927-443E-97A3-43F8159BACC8}.Debug|x64.ActiveCfg = Debug|Any CPU
		{98E02607-8927-443E-97A3-43F8159BACC8}.Debug|x64.Build.0 = Debug|Any CPU
		{98E02607-8927-443E-97A3-43F8159BACC8}.Debug|x86.ActiveCfg = Debug|Any CPU
		{98E02607-8927-443E-97A3-43F8159BACC8}.Debug|x86.Build.0 = Debug|Any CPU
		{98E02607-8927-443E-97A3-43F8159BACC8}.Release|Any CPU.ActiveCfg = Release|Any CPU
		{98E02607-8927-443E-97A3-43F8159BACC8}.Release|Any CPU.Build.0 = Release|Any CPU
		{98E02607-8927-443E-97A3-43F8159BACC8}.Release|x64.ActiveCfg = Release|Any CPU
		{98E02607-8927-443E-97A3-43F8159BACC8}.Release|x64.Build.0 = Release|Any CPU
		{98E02607-8927-443E-97A3-43F8159BACC8}.Release|x86.ActiveCfg = Release|Any CPU
		{98E02607-8927-443E-97A3-43F8159BACC8}.Release|x86.Build.0 = Release|Any CPU
		{D9B93985-0988-4D3F-ACA8-A8FC8A068A3D}.Debug|Any CPU.ActiveCfg = Debug|Any CPU
		{D9B93985-0988-4D3F-ACA8-A8FC8A068A3D}.Debug|Any CPU.Build.0 = Debug|Any CPU
		{D9B93985-0988-4D3F-ACA8-A8FC8A068A3D}.Debug|x64.ActiveCfg = Debug|Any CPU
		{D9B93985-0988-4D3F-ACA8-A8FC8A068A3D}.Debug|x64.Build.0 = Debug|Any CPU
		{D9B93985-0988-4D3F-ACA8-A8FC8A068A3D}.Debug|x86.ActiveCfg = Debug|Any CPU
		{D9B93985-0988-4D3F-ACA8-A8FC8A068A3D}.Debug|x86.Build.0 = Debug|Any CPU
		{D9B93985-0988-4D3F-ACA8-A8FC8A068A3D}.Release|Any CPU.ActiveCfg = Release|Any CPU
		{D9B93985-0988-4D3F-ACA8-A8FC8A068A3D}.Release|Any CPU.Build.0 = Release|Any CPU
		{D9B93985-0988-4D3F-ACA8-A8FC8A068A3D}.Release|x64.ActiveCfg = Release|Any CPU
		{D9B93985-0988-4D3F-ACA8-A8FC8A068A3D}.Release|x64.Build.0 = Release|Any CPU
		{D9B93985-0988-4D3F-ACA8-A8FC8A068A3D}.Release|x86.ActiveCfg = Release|Any CPU
		{D9B93985-0988-4D3F-ACA8-A8FC8A068A3D}.Release|x86.Build.0 = Release|Any CPU
		{2E11DEF5-E8FA-432D-AE85-AC5261771905}.Debug|Any CPU.ActiveCfg = Debug|Any CPU
		{2E11DEF5-E8FA-432D-AE85-AC5261771905}.Debug|Any CPU.Build.0 = Debug|Any CPU
		{2E11DEF5-E8FA-432D-AE85-AC5261771905}.Debug|x64.ActiveCfg = Debug|Any CPU
		{2E11DEF5-E8FA-432D-AE85-AC5261771905}.Debug|x64.Build.0 = Debug|Any CPU
		{2E11DEF5-E8FA-432D-AE85-AC5261771905}.Debug|x86.ActiveCfg = Debug|Any CPU
		{2E11DEF5-E8FA-432D-AE85-AC5261771905}.Debug|x86.Build.0 = Debug|Any CPU
		{2E11DEF5-E8FA-432D-AE85-AC5261771905}.Release|Any CPU.ActiveCfg = Release|Any CPU
		{2E11DEF5-E8FA-432D-AE85-AC5261771905}.Release|Any CPU.Build.0 = Release|Any CPU
		{2E11DEF5-E8FA-432D-AE85-AC5261771905}.Release|x64.ActiveCfg = Release|Any CPU
		{2E11DEF5-E8FA-432D-AE85-AC5261771905}.Release|x64.Build.0 = Release|Any CPU
		{2E11DEF5-E8FA-432D-AE85-AC5261771905}.Release|x86.ActiveCfg = Release|Any CPU
		{2E11DEF5-E8FA-432D-AE85-AC5261771905}.Release|x86.Build.0 = Release|Any CPU
	EndGlobalSection
	GlobalSection(NestedProjects) = preSolution
		{EDF2DD33-115C-4D67-977E-396ED55144A2} = {2706ECC2-551B-4017-B1E8-964B3FE66F95}
		{6F6261AA-5370-455D-8E9A-7BE3EF453E0D} = {2706ECC2-551B-4017-B1E8-964B3FE66F95}
		{D9B93985-0988-4D3F-ACA8-A8FC8A068A3D} = {2706ECC2-551B-4017-B1E8-964B3FE66F95}
		{2E11DEF5-E8FA-432D-AE85-AC5261771905} = {2706ECC2-551B-4017-B1E8-964B3FE66F95}
	EndGlobalSection
EndGlobal
