
Microsoft Visual Studio Solution File, Format Version 12.00
# Visual Studio Version 16
VisualStudioVersion = 16.0.30114.105
MinimumVisualStudioVersion = 10.0.40219.1
Project("{FAE04EC0-301F-11D3-BF4B-00C04F79EFBC}") = "R5T.D0114.A001", "R5T.D0114.A001\R5T.D0114.A001.csproj", "{E0CB9403-2825-48C5-994A-AABA0626D57F}"
EndProject
Project("{FAE04EC0-301F-11D3-BF4B-00C04F79EFBC}") = "R5T.D0114.Base", "R5T.D0114.Base\R5T.D0114.Base.csproj", "{ACADF3C5-CEF6-44BA-96A9-EBDEBE158AA2}"
EndProject
Project("{FAE04EC0-301F-11D3-BF4B-00C04F79EFBC}") = "R5T.D0114.Construction", "R5T.D0114.Construction\R5T.D0114.Construction.csproj", "{13B76548-A72F-4B19-BE87-53ED300D6F05}"
EndProject
Project("{FAE04EC0-301F-11D3-BF4B-00C04F79EFBC}") = "R5T.D0114.I001", "R5T.D0114.I001\R5T.D0114.I001.csproj", "{B961D48C-7AA8-4AE2-ADE0-A27B303403D8}"
EndProject
Project("{FAE04EC0-301F-11D3-BF4B-00C04F79EFBC}") = "R5T.D0114.X001", "R5T.D0114.X001\R5T.D0114.X001.csproj", "{FBF4F27F-EEFB-4CD5-9FF5-7164F823A65B}"
EndProject
Global
	GlobalSection(SolutionConfigurationPlatforms) = preSolution
		Debug|Any CPU = Debug|Any CPU
		Debug|x64 = Debug|x64
		Debug|x86 = Debug|x86
		Release|Any CPU = Release|Any CPU
		Release|x64 = Release|x64
		Release|x86 = Release|x86
	EndGlobalSection
	GlobalSection(SolutionProperties) = preSolution
		HideSolutionNode = FALSE
	EndGlobalSection
	GlobalSection(ProjectConfigurationPlatforms) = postSolution
		{E0CB9403-2825-48C5-994A-AABA0626D57F}.Debug|Any CPU.ActiveCfg = Debug|Any CPU
		{E0CB9403-2825-48C5-994A-AABA0626D57F}.Debug|Any CPU.Build.0 = Debug|Any CPU
		{E0CB9403-2825-48C5-994A-AABA0626D57F}.Debug|x64.ActiveCfg = Debug|Any CPU
		{E0CB9403-2825-48C5-994A-AABA0626D57F}.Debug|x64.Build.0 = Debug|Any CPU
		{E0CB9403-2825-48C5-994A-AABA0626D57F}.Debug|x86.ActiveCfg = Debug|Any CPU
		{E0CB9403-2825-48C5-994A-AABA0626D57F}.Debug|x86.Build.0 = Debug|Any CPU
		{E0CB9403-2825-48C5-994A-AABA0626D57F}.Release|Any CPU.ActiveCfg = Release|Any CPU
		{E0CB9403-2825-48C5-994A-AABA0626D57F}.Release|Any CPU.Build.0 = Release|Any CPU
		{E0CB9403-2825-48C5-994A-AABA0626D57F}.Release|x64.ActiveCfg = Release|Any CPU
		{E0CB9403-2825-48C5-994A-AABA0626D57F}.Release|x64.Build.0 = Release|Any CPU
		{E0CB9403-2825-48C5-994A-AABA0626D57F}.Release|x86.ActiveCfg = Release|Any CPU
		{E0CB9403-2825-48C5-994A-AABA0626D57F}.Release|x86.Build.0 = Release|Any CPU
		{ACADF3C5-CEF6-44BA-96A9-EBDEBE158AA2}.Debug|Any CPU.ActiveCfg = Debug|Any CPU
		{ACADF3C5-CEF6-44BA-96A9-EBDEBE158AA2}.Debug|Any CPU.Build.0 = Debug|Any CPU
		{ACADF3C5-CEF6-44BA-96A9-EBDEBE158AA2}.Debug|x64.ActiveCfg = Debug|Any CPU
		{ACADF3C5-CEF6-44BA-96A9-EBDEBE158AA2}.Debug|x64.Build.0 = Debug|Any CPU
		{ACADF3C5-CEF6-44BA-96A9-EBDEBE158AA2}.Debug|x86.ActiveCfg = Debug|Any CPU
		{ACADF3C5-CEF6-44BA-96A9-EBDEBE158AA2}.Debug|x86.Build.0 = Debug|Any CPU
		{ACADF3C5-CEF6-44BA-96A9-EBDEBE158AA2}.Release|Any CPU.ActiveCfg = Release|Any CPU
		{ACADF3C5-CEF6-44BA-96A9-EBDEBE158AA2}.Release|Any CPU.Build.0 = Release|Any CPU
		{ACADF3C5-CEF6-44BA-96A9-EBDEBE158AA2}.Release|x64.ActiveCfg = Release|Any CPU
		{ACADF3C5-CEF6-44BA-96A9-EBDEBE158AA2}.Release|x64.Build.0 = Release|Any CPU
		{ACADF3C5-CEF6-44BA-96A9-EBDEBE158AA2}.Release|x86.ActiveCfg = Release|Any CPU
		{ACADF3C5-CEF6-44BA-96A9-EBDEBE158AA2}.Release|x86.Build.0 = Release|Any CPU
		{13B76548-A72F-4B19-BE87-53ED300D6F05}.Debug|Any CPU.ActiveCfg = Debug|Any CPU
		{13B76548-A72F-4B19-BE87-53ED300D6F05}.Debug|Any CPU.Build.0 = Debug|Any CPU
		{13B76548-A72F-4B19-BE87-53ED300D6F05}.Debug|x64.ActiveCfg = Debug|Any CPU
		{13B76548-A72F-4B19-BE87-53ED300D6F05}.Debug|x64.Build.0 = Debug|Any CPU
		{13B76548-A72F-4B19-BE87-53ED300D6F05}.Debug|x86.ActiveCfg = Debug|Any CPU
		{13B76548-A72F-4B19-BE87-53ED300D6F05}.Debug|x86.Build.0 = Debug|Any CPU
		{13B76548-A72F-4B19-BE87-53ED300D6F05}.Release|Any CPU.ActiveCfg = Release|Any CPU
		{13B76548-A72F-4B19-BE87-53ED300D6F05}.Release|Any CPU.Build.0 = Release|Any CPU
		{13B76548-A72F-4B19-BE87-53ED300D6F05}.Release|x64.ActiveCfg = Release|Any CPU
		{13B76548-A72F-4B19-BE87-53ED300D6F05}.Release|x64.Build.0 = Release|Any CPU
		{13B76548-A72F-4B19-BE87-53ED300D6F05}.Release|x86.ActiveCfg = Release|Any CPU
		{13B76548-A72F-4B19-BE87-53ED300D6F05}.Release|x86.Build.0 = Release|Any CPU
		{B961D48C-7AA8-4AE2-ADE0-A27B303403D8}.Debug|Any CPU.ActiveCfg = Debug|Any CPU
		{B961D48C-7AA8-4AE2-ADE0-A27B303403D8}.Debug|Any CPU.Build.0 = Debug|Any CPU
		{B961D48C-7AA8-4AE2-ADE0-A27B303403D8}.Debug|x64.ActiveCfg = Debug|Any CPU
		{B961D48C-7AA8-4AE2-ADE0-A27B303403D8}.Debug|x64.Build.0 = Debug|Any CPU
		{B961D48C-7AA8-4AE2-ADE0-A27B303403D8}.Debug|x86.ActiveCfg = Debug|Any CPU
		{B961D48C-7AA8-4AE2-ADE0-A27B303403D8}.Debug|x86.Build.0 = Debug|Any CPU
		{B961D48C-7AA8-4AE2-ADE0-A27B303403D8}.Release|Any CPU.ActiveCfg = Release|Any CPU
		{B961D48C-7AA8-4AE2-ADE0-A27B303403D8}.Release|Any CPU.Build.0 = Release|Any CPU
		{B961D48C-7AA8-4AE2-ADE0-A27B303403D8}.Release|x64.ActiveCfg = Release|Any CPU
		{B961D48C-7AA8-4AE2-ADE0-A27B303403D8}.Release|x64.Build.0 = Release|Any CPU
		{B961D48C-7AA8-4AE2-ADE0-A27B303403D8}.Release|x86.ActiveCfg = Release|Any CPU
		{B961D48C-7AA8-4AE2-ADE0-A27B303403D8}.Release|x86.Build.0 = Release|Any CPU
		{FBF4F27F-EEFB-4CD5-9FF5-7164F823A65B}.Debug|Any CPU.ActiveCfg = Debug|Any CPU
		{FBF4F27F-EEFB-4CD5-9FF5-7164F823A65B}.Debug|Any CPU.Build.0 = Debug|Any CPU
		{FBF4F27F-EEFB-4CD5-9FF5-7164F823A65B}.Debug|x64.ActiveCfg = Debug|Any CPU
		{FBF4F27F-EEFB-4CD5-9FF5-7164F823A65B}.Debug|x64.Build.0 = Debug|Any CPU
		{FBF4F27F-EEFB-4CD5-9FF5-7164F823A65B}.Debug|x86.ActiveCfg = Debug|Any CPU
		{FBF4F27F-EEFB-4CD5-9FF5-7164F823A65B}.Debug|x86.Build.0 = Debug|Any CPU
		{FBF4F27F-EEFB-4CD5-9FF5-7164F823A65B}.Release|Any CPU.ActiveCfg = Release|Any CPU
		{FBF4F27F-EEFB-4CD5-9FF5-7164F823A65B}.Release|Any CPU.Build.0 = Release|Any CPU
		{FBF4F27F-EEFB-4CD5-9FF5-7164F823A65B}.Release|x64.ActiveCfg = Release|Any CPU
		{FBF4F27F-EEFB-4CD5-9FF5-7164F823A65B}.Release|x64.Build.0 = Release|Any CPU
		{FBF4F27F-EEFB-4CD5-9FF5-7164F823A65B}.Release|x86.ActiveCfg = Release|Any CPU
		{FBF4F27F-EEFB-4CD5-9FF5-7164F823A65B}.Release|x86.Build.0 = Release|Any CPU
	EndGlobalSection
EndGlobal
