
Microsoft Visual Studio Solution File, Format Version 12.00
# Visual Studio Version 16
VisualStudioVersion = 16.6.30114.105
MinimumVisualStudioVersion = 10.0.40219.1
Project("{9A19103F-16F7-4668-BE54-9A1E7A4F7556}") = "R5T.D0114.Base", "R5T.D0114.Base\R5T.D0114.Base.csproj", "{3C16AAFE-F548-4F7C-A9FB-1C9F75AFFADD}"
EndProject
Project("{2150E333-8FDC-42A3-9474-1A3956D46DE8}") = "_Dependencies", "_Dependencies", "{595B7004-751E-4351-867C-57BA0D595E55}"
EndProject
Project("{9A19103F-16F7-4668-BE54-9A1E7A4F7556}") = "R5T.D0114.I001", "R5T.D0114.I001\R5T.D0114.I001.csproj", "{CBAF32C5-C26C-4879-9744-1C805D293A32}"
EndProject
Project("{9A19103F-16F7-4668-BE54-9A1E7A4F7556}") = "R5T.T0064", "..\..\R5T.T0064\source\R5T.T0064\R5T.T0064.csproj", "{C0988EA4-5BBD-4904-A4B3-5C01EA0C8892}"
EndProject
Project("{9A19103F-16F7-4668-BE54-9A1E7A4F7556}") = "R5T.L0013", "..\..\R5T.L0013\source\R5T.L0013\R5T.L0013.csproj", "{38D143D5-2ACE-49CB-9EED-6EEA5BB37B11}"
EndProject
Project("{9A19103F-16F7-4668-BE54-9A1E7A4F7556}") = "R5T.D0114.X001", "R5T.D0114.X001\R5T.D0114.X001.csproj", "{2034F235-21D4-48B6-B801-8ED71FEAC29C}"
EndProject
Project("{9A19103F-16F7-4668-BE54-9A1E7A4F7556}") = "R5T.T0063", "..\..\R5T.T0063\source\R5T.T0063\R5T.T0063.csproj", "{25F5E0D3-3311-42BC-BB7B-A2F46D4F1209}"
EndProject
Project("{9A19103F-16F7-4668-BE54-9A1E7A4F7556}") = "R5T.T0072", "..\..\R5T.T0072\source\R5T.T0072\R5T.T0072.csproj", "{2CE93D9E-AA11-4789-93C2-B08D680B4D1D}"
EndProject
Project("{9A19103F-16F7-4668-BE54-9A1E7A4F7556}") = "R5T.T0067.X001", "..\..\R5T.T0067\source\R5T.T0067.X001\R5T.T0067.X001.csproj", "{4BD68B8D-B81C-470E-96B9-D94A22E43473}"
EndProject
Project("{9A19103F-16F7-4668-BE54-9A1E7A4F7556}") = "R5T.Magyar", "..\..\R5T.Magyar\source\R5T.Magyar\R5T.Magyar.csproj", "{D76D0C7E-D25D-4E4E-AB7D-FFB051761D15}"
EndProject
Project("{9A19103F-16F7-4668-BE54-9A1E7A4F7556}") = "R5T.T0067", "..\..\R5T.T0067\source\R5T.T0067\R5T.T0067.csproj", "{C09391C9-5D95-4327-A712-09A0E62013E4}"
EndProject
Project("{9A19103F-16F7-4668-BE54-9A1E7A4F7556}") = "R5T.T0039.T002", "..\..\R5T.T0039\source\R5T.T0039.T002\R5T.T0039.T002.csproj", "{8B8A2232-2CFF-406E-8279-7CDFBBF998B3}"
EndProject
Global
	GlobalSection(SolutionConfigurationPlatforms) = preSolution
		Debug|Any CPU = Debug|Any CPU
		Debug|x64 = Debug|x64
		Debug|x86 = Debug|x86
		Release|Any CPU = Release|Any CPU
		Release|x64 = Release|x64
		Release|x86 = Release|x86
	EndGlobalSection
	GlobalSection(ProjectConfigurationPlatforms) = postSolution
		{3C16AAFE-F548-4F7C-A9FB-1C9F75AFFADD}.Debug|Any CPU.ActiveCfg = Debug|Any CPU
		{3C16AAFE-F548-4F7C-A9FB-1C9F75AFFADD}.Debug|Any CPU.Build.0 = Debug|Any CPU
		{3C16AAFE-F548-4F7C-A9FB-1C9F75AFFADD}.Debug|x64.ActiveCfg = Debug|Any CPU
		{3C16AAFE-F548-4F7C-A9FB-1C9F75AFFADD}.Debug|x64.Build.0 = Debug|Any CPU
		{3C16AAFE-F548-4F7C-A9FB-1C9F75AFFADD}.Debug|x86.ActiveCfg = Debug|Any CPU
		{3C16AAFE-F548-4F7C-A9FB-1C9F75AFFADD}.Debug|x86.Build.0 = Debug|Any CPU
		{3C16AAFE-F548-4F7C-A9FB-1C9F75AFFADD}.Release|Any CPU.ActiveCfg = Release|Any CPU
		{3C16AAFE-F548-4F7C-A9FB-1C9F75AFFADD}.Release|Any CPU.Build.0 = Release|Any CPU
		{3C16AAFE-F548-4F7C-A9FB-1C9F75AFFADD}.Release|x64.ActiveCfg = Release|Any CPU
		{3C16AAFE-F548-4F7C-A9FB-1C9F75AFFADD}.Release|x64.Build.0 = Release|Any CPU
		{3C16AAFE-F548-4F7C-A9FB-1C9F75AFFADD}.Release|x86.ActiveCfg = Release|Any CPU
		{3C16AAFE-F548-4F7C-A9FB-1C9F75AFFADD}.Release|x86.Build.0 = Release|Any CPU
		{CBAF32C5-C26C-4879-9744-1C805D293A32}.Debug|Any CPU.ActiveCfg = Debug|Any CPU
		{CBAF32C5-C26C-4879-9744-1C805D293A32}.Debug|Any CPU.Build.0 = Debug|Any CPU
		{CBAF32C5-C26C-4879-9744-1C805D293A32}.Debug|x64.ActiveCfg = Debug|Any CPU
		{CBAF32C5-C26C-4879-9744-1C805D293A32}.Debug|x64.Build.0 = Debug|Any CPU
		{CBAF32C5-C26C-4879-9744-1C805D293A32}.Debug|x86.ActiveCfg = Debug|Any CPU
		{CBAF32C5-C26C-4879-9744-1C805D293A32}.Debug|x86.Build.0 = Debug|Any CPU
		{CBAF32C5-C26C-4879-9744-1C805D293A32}.Release|Any CPU.ActiveCfg = Release|Any CPU
		{CBAF32C5-C26C-4879-9744-1C805D293A32}.Release|Any CPU.Build.0 = Release|Any CPU
		{CBAF32C5-C26C-4879-9744-1C805D293A32}.Release|x64.ActiveCfg = Release|Any CPU
		{CBAF32C5-C26C-4879-9744-1C805D293A32}.Release|x64.Build.0 = Release|Any CPU
		{CBAF32C5-C26C-4879-9744-1C805D293A32}.Release|x86.ActiveCfg = Release|Any CPU
		{CBAF32C5-C26C-4879-9744-1C805D293A32}.Release|x86.Build.0 = Release|Any CPU
		{C0988EA4-5BBD-4904-A4B3-5C01EA0C8892}.Debug|Any CPU.ActiveCfg = Debug|Any CPU
		{C0988EA4-5BBD-4904-A4B3-5C01EA0C8892}.Debug|Any CPU.Build.0 = Debug|Any CPU
		{C0988EA4-5BBD-4904-A4B3-5C01EA0C8892}.Debug|x64.ActiveCfg = Debug|Any CPU
		{C0988EA4-5BBD-4904-A4B3-5C01EA0C8892}.Debug|x64.Build.0 = Debug|Any CPU
		{C0988EA4-5BBD-4904-A4B3-5C01EA0C8892}.Debug|x86.ActiveCfg = Debug|Any CPU
		{C0988EA4-5BBD-4904-A4B3-5C01EA0C8892}.Debug|x86.Build.0 = Debug|Any CPU
		{C0988EA4-5BBD-4904-A4B3-5C01EA0C8892}.Release|Any CPU.ActiveCfg = Release|Any CPU
		{C0988EA4-5BBD-4904-A4B3-5C01EA0C8892}.Release|Any CPU.Build.0 = Release|Any CPU
		{C0988EA4-5BBD-4904-A4B3-5C01EA0C8892}.Release|x64.ActiveCfg = Release|Any CPU
		{C0988EA4-5BBD-4904-A4B3-5C01EA0C8892}.Release|x64.Build.0 = Release|Any CPU
		{C0988EA4-5BBD-4904-A4B3-5C01EA0C8892}.Release|x86.ActiveCfg = Release|Any CPU
		{C0988EA4-5BBD-4904-A4B3-5C01EA0C8892}.Release|x86.Build.0 = Release|Any CPU
		{38D143D5-2ACE-49CB-9EED-6EEA5BB37B11}.Debug|Any CPU.ActiveCfg = Debug|Any CPU
		{38D143D5-2ACE-49CB-9EED-6EEA5BB37B11}.Debug|Any CPU.Build.0 = Debug|Any CPU
		{38D143D5-2ACE-49CB-9EED-6EEA5BB37B11}.Debug|x64.ActiveCfg = Debug|Any CPU
		{38D143D5-2ACE-49CB-9EED-6EEA5BB37B11}.Debug|x64.Build.0 = Debug|Any CPU
		{38D143D5-2ACE-49CB-9EED-6EEA5BB37B11}.Debug|x86.ActiveCfg = Debug|Any CPU
		{38D143D5-2ACE-49CB-9EED-6EEA5BB37B11}.Debug|x86.Build.0 = Debug|Any CPU
		{38D143D5-2ACE-49CB-9EED-6EEA5BB37B11}.Release|Any CPU.ActiveCfg = Release|Any CPU
		{38D143D5-2ACE-49CB-9EED-6EEA5BB37B11}.Release|Any CPU.Build.0 = Release|Any CPU
		{38D143D5-2ACE-49CB-9EED-6EEA5BB37B11}.Release|x64.ActiveCfg = Release|Any CPU
		{38D143D5-2ACE-49CB-9EED-6EEA5BB37B11}.Release|x64.Build.0 = Release|Any CPU
		{38D143D5-2ACE-49CB-9EED-6EEA5BB37B11}.Release|x86.ActiveCfg = Release|Any CPU
		{38D143D5-2ACE-49CB-9EED-6EEA5BB37B11}.Release|x86.Build.0 = Release|Any CPU
		{2034F235-21D4-48B6-B801-8ED71FEAC29C}.Debug|Any CPU.ActiveCfg = Debug|Any CPU
		{2034F235-21D4-48B6-B801-8ED71FEAC29C}.Debug|Any CPU.Build.0 = Debug|Any CPU
		{2034F235-21D4-48B6-B801-8ED71FEAC29C}.Debug|x64.ActiveCfg = Debug|Any CPU
		{2034F235-21D4-48B6-B801-8ED71FEAC29C}.Debug|x64.Build.0 = Debug|Any CPU
		{2034F235-21D4-48B6-B801-8ED71FEAC29C}.Debug|x86.ActiveCfg = Debug|Any CPU
		{2034F235-21D4-48B6-B801-8ED71FEAC29C}.Debug|x86.Build.0 = Debug|Any CPU
		{2034F235-21D4-48B6-B801-8ED71FEAC29C}.Release|Any CPU.ActiveCfg = Release|Any CPU
		{2034F235-21D4-48B6-B801-8ED71FEAC29C}.Release|Any CPU.Build.0 = Release|Any CPU
		{2034F235-21D4-48B6-B801-8ED71FEAC29C}.Release|x64.ActiveCfg = Release|Any CPU
		{2034F235-21D4-48B6-B801-8ED71FEAC29C}.Release|x64.Build.0 = Release|Any CPU
		{2034F235-21D4-48B6-B801-8ED71FEAC29C}.Release|x86.ActiveCfg = Release|Any CPU
		{2034F235-21D4-48B6-B801-8ED71FEAC29C}.Release|x86.Build.0 = Release|Any CPU
		{25F5E0D3-3311-42BC-BB7B-A2F46D4F1209}.Debug|Any CPU.ActiveCfg = Debug|Any CPU
		{25F5E0D3-3311-42BC-BB7B-A2F46D4F1209}.Debug|Any CPU.Build.0 = Debug|Any CPU
		{25F5E0D3-3311-42BC-BB7B-A2F46D4F1209}.Debug|x64.ActiveCfg = Debug|Any CPU
		{25F5E0D3-3311-42BC-BB7B-A2F46D4F1209}.Debug|x64.Build.0 = Debug|Any CPU
		{25F5E0D3-3311-42BC-BB7B-A2F46D4F1209}.Debug|x86.ActiveCfg = Debug|Any CPU
		{25F5E0D3-3311-42BC-BB7B-A2F46D4F1209}.Debug|x86.Build.0 = Debug|Any CPU
		{25F5E0D3-3311-42BC-BB7B-A2F46D4F1209}.Release|Any CPU.ActiveCfg = Release|Any CPU
		{25F5E0D3-3311-42BC-BB7B-A2F46D4F1209}.Release|Any CPU.Build.0 = Release|Any CPU
		{25F5E0D3-3311-42BC-BB7B-A2F46D4F1209}.Release|x64.ActiveCfg = Release|Any CPU
		{25F5E0D3-3311-42BC-BB7B-A2F46D4F1209}.Release|x64.Build.0 = Release|Any CPU
		{25F5E0D3-3311-42BC-BB7B-A2F46D4F1209}.Release|x86.ActiveCfg = Release|Any CPU
		{25F5E0D3-3311-42BC-BB7B-A2F46D4F1209}.Release|x86.Build.0 = Release|Any CPU
		{2CE93D9E-AA11-4789-93C2-B08D680B4D1D}.Debug|Any CPU.ActiveCfg = Debug|Any CPU
		{2CE93D9E-AA11-4789-93C2-B08D680B4D1D}.Debug|Any CPU.Build.0 = Debug|Any CPU
		{2CE93D9E-AA11-4789-93C2-B08D680B4D1D}.Debug|x64.ActiveCfg = Debug|Any CPU
		{2CE93D9E-AA11-4789-93C2-B08D680B4D1D}.Debug|x64.Build.0 = Debug|Any CPU
		{2CE93D9E-AA11-4789-93C2-B08D680B4D1D}.Debug|x86.ActiveCfg = Debug|Any CPU
		{2CE93D9E-AA11-4789-93C2-B08D680B4D1D}.Debug|x86.Build.0 = Debug|Any CPU
		{2CE93D9E-AA11-4789-93C2-B08D680B4D1D}.Release|Any CPU.ActiveCfg = Release|Any CPU
		{2CE93D9E-AA11-4789-93C2-B08D680B4D1D}.Release|Any CPU.Build.0 = Release|Any CPU
		{2CE93D9E-AA11-4789-93C2-B08D680B4D1D}.Release|x64.ActiveCfg = Release|Any CPU
		{2CE93D9E-AA11-4789-93C2-B08D680B4D1D}.Release|x64.Build.0 = Release|Any CPU
		{2CE93D9E-AA11-4789-93C2-B08D680B4D1D}.Release|x86.ActiveCfg = Release|Any CPU
		{2CE93D9E-AA11-4789-93C2-B08D680B4D1D}.Release|x86.Build.0 = Release|Any CPU
		{4BD68B8D-B81C-470E-96B9-D94A22E43473}.Debug|Any CPU.ActiveCfg = Debug|Any CPU
		{4BD68B8D-B81C-470E-96B9-D94A22E43473}.Debug|Any CPU.Build.0 = Debug|Any CPU
		{4BD68B8D-B81C-470E-96B9-D94A22E43473}.Debug|x64.ActiveCfg = Debug|Any CPU
		{4BD68B8D-B81C-470E-96B9-D94A22E43473}.Debug|x64.Build.0 = Debug|Any CPU
		{4BD68B8D-B81C-470E-96B9-D94A22E43473}.Debug|x86.ActiveCfg = Debug|Any CPU
		{4BD68B8D-B81C-470E-96B9-D94A22E43473}.Debug|x86.Build.0 = Debug|Any CPU
		{4BD68B8D-B81C-470E-96B9-D94A22E43473}.Release|Any CPU.ActiveCfg = Release|Any CPU
		{4BD68B8D-B81C-470E-96B9-D94A22E43473}.Release|Any CPU.Build.0 = Release|Any CPU
		{4BD68B8D-B81C-470E-96B9-D94A22E43473}.Release|x64.ActiveCfg = Release|Any CPU
		{4BD68B8D-B81C-470E-96B9-D94A22E43473}.Release|x64.Build.0 = Release|Any CPU
		{4BD68B8D-B81C-470E-96B9-D94A22E43473}.Release|x86.ActiveCfg = Release|Any CPU
		{4BD68B8D-B81C-470E-96B9-D94A22E43473}.Release|x86.Build.0 = Release|Any CPU
		{D76D0C7E-D25D-4E4E-AB7D-FFB051761D15}.Debug|Any CPU.ActiveCfg = Debug|Any CPU
		{D76D0C7E-D25D-4E4E-AB7D-FFB051761D15}.Debug|Any CPU.Build.0 = Debug|Any CPU
		{D76D0C7E-D25D-4E4E-AB7D-FFB051761D15}.Debug|x64.ActiveCfg = Debug|Any CPU
		{D76D0C7E-D25D-4E4E-AB7D-FFB051761D15}.Debug|x64.Build.0 = Debug|Any CPU
		{D76D0C7E-D25D-4E4E-AB7D-FFB051761D15}.Debug|x86.ActiveCfg = Debug|Any CPU
		{D76D0C7E-D25D-4E4E-AB7D-FFB051761D15}.Debug|x86.Build.0 = Debug|Any CPU
		{D76D0C7E-D25D-4E4E-AB7D-FFB051761D15}.Release|Any CPU.ActiveCfg = Release|Any CPU
		{D76D0C7E-D25D-4E4E-AB7D-FFB051761D15}.Release|Any CPU.Build.0 = Release|Any CPU
		{D76D0C7E-D25D-4E4E-AB7D-FFB051761D15}.Release|x64.ActiveCfg = Release|Any CPU
		{D76D0C7E-D25D-4E4E-AB7D-FFB051761D15}.Release|x64.Build.0 = Release|Any CPU
		{D76D0C7E-D25D-4E4E-AB7D-FFB051761D15}.Release|x86.ActiveCfg = Release|Any CPU
		{D76D0C7E-D25D-4E4E-AB7D-FFB051761D15}.Release|x86.Build.0 = Release|Any CPU
		{C09391C9-5D95-4327-A712-09A0E62013E4}.Debug|Any CPU.ActiveCfg = Debug|Any CPU
		{C09391C9-5D95-4327-A712-09A0E62013E4}.Debug|Any CPU.Build.0 = Debug|Any CPU
		{C09391C9-5D95-4327-A712-09A0E62013E4}.Debug|x64.ActiveCfg = Debug|Any CPU
		{C09391C9-5D95-4327-A712-09A0E62013E4}.Debug|x64.Build.0 = Debug|Any CPU
		{C09391C9-5D95-4327-A712-09A0E62013E4}.Debug|x86.ActiveCfg = Debug|Any CPU
		{C09391C9-5D95-4327-A712-09A0E62013E4}.Debug|x86.Build.0 = Debug|Any CPU
		{C09391C9-5D95-4327-A712-09A0E62013E4}.Release|Any CPU.ActiveCfg = Release|Any CPU
		{C09391C9-5D95-4327-A712-09A0E62013E4}.Release|Any CPU.Build.0 = Release|Any CPU
		{C09391C9-5D95-4327-A712-09A0E62013E4}.Release|x64.ActiveCfg = Release|Any CPU
		{C09391C9-5D95-4327-A712-09A0E62013E4}.Release|x64.Build.0 = Release|Any CPU
		{C09391C9-5D95-4327-A712-09A0E62013E4}.Release|x86.ActiveCfg = Release|Any CPU
		{C09391C9-5D95-4327-A712-09A0E62013E4}.Release|x86.Build.0 = Release|Any CPU
		{8B8A2232-2CFF-406E-8279-7CDFBBF998B3}.Debug|Any CPU.ActiveCfg = Debug|Any CPU
		{8B8A2232-2CFF-406E-8279-7CDFBBF998B3}.Debug|Any CPU.Build.0 = Debug|Any CPU
		{8B8A2232-2CFF-406E-8279-7CDFBBF998B3}.Debug|x64.ActiveCfg = Debug|Any CPU
		{8B8A2232-2CFF-406E-8279-7CDFBBF998B3}.Debug|x64.Build.0 = Debug|Any CPU
		{8B8A2232-2CFF-406E-8279-7CDFBBF998B3}.Debug|x86.ActiveCfg = Debug|Any CPU
		{8B8A2232-2CFF-406E-8279-7CDFBBF998B3}.Debug|x86.Build.0 = Debug|Any CPU
		{8B8A2232-2CFF-406E-8279-7CDFBBF998B3}.Release|Any CPU.ActiveCfg = Release|Any CPU
		{8B8A2232-2CFF-406E-8279-7CDFBBF998B3}.Release|Any CPU.Build.0 = Release|Any CPU
		{8B8A2232-2CFF-406E-8279-7CDFBBF998B3}.Release|x64.ActiveCfg = Release|Any CPU
		{8B8A2232-2CFF-406E-8279-7CDFBBF998B3}.Release|x64.Build.0 = Release|Any CPU
		{8B8A2232-2CFF-406E-8279-7CDFBBF998B3}.Release|x86.ActiveCfg = Release|Any CPU
		{8B8A2232-2CFF-406E-8279-7CDFBBF998B3}.Release|x86.Build.0 = Release|Any CPU
	EndGlobalSection
	GlobalSection(SolutionProperties) = preSolution
		HideSolutionNode = FALSE
	EndGlobalSection
	GlobalSection(NestedProjects) = preSolution
		{C0988EA4-5BBD-4904-A4B3-5C01EA0C8892} = {595B7004-751E-4351-867C-57BA0D595E55}
		{38D143D5-2ACE-49CB-9EED-6EEA5BB37B11} = {595B7004-751E-4351-867C-57BA0D595E55}
		{25F5E0D3-3311-42BC-BB7B-A2F46D4F1209} = {595B7004-751E-4351-867C-57BA0D595E55}
		{2CE93D9E-AA11-4789-93C2-B08D680B4D1D} = {595B7004-751E-4351-867C-57BA0D595E55}
		{4BD68B8D-B81C-470E-96B9-D94A22E43473} = {595B7004-751E-4351-867C-57BA0D595E55}
		{D76D0C7E-D25D-4E4E-AB7D-FFB051761D15} = {595B7004-751E-4351-867C-57BA0D595E55}
		{C09391C9-5D95-4327-A712-09A0E62013E4} = {595B7004-751E-4351-867C-57BA0D595E55}
		{8B8A2232-2CFF-406E-8279-7CDFBBF998B3} = {595B7004-751E-4351-867C-57BA0D595E55}
	EndGlobalSection
	GlobalSection(ExtensibilityGlobals) = postSolution
		SolutionGuid = {1A36B699-9675-471F-8EDA-BA779F150B7F}
	EndGlobalSection
EndGlobal
